
Microsoft Visual Studio Solution File, Format Version 12.00
# Visual Studio Version 17
VisualStudioVersion = 17.0.31903.59
MinimumVisualStudioVersion = 10.0.40219.1
Project("{9A19103F-16F7-4668-BE54-9A1E7A4F7556}") = "Dismemberment", "Dismemberment\Dismemberment.csproj", "{6B0984E9-9048-4786-9A77-A3ECBB234B29}"
EndProject
Global
	GlobalSection(SolutionConfigurationPlatforms) = preSolution
		Debug|Any CPU = Debug|Any CPU
		Debug|Mixed Platforms = Debug|Mixed Platforms
		Debug|x64 = Debug|x64
		Release|Any CPU = Release|Any CPU
		Release|Mixed Platforms = Release|Mixed Platforms
		Release|x64 = Release|x64
	EndGlobalSection
	GlobalSection(ProjectConfigurationPlatforms) = postSolution
		{6B0984E9-9048-4786-9A77-A3ECBB234B29}.Debug|Any CPU.ActiveCfg = Debug|x64
		{6B0984E9-9048-4786-9A77-A3ECBB234B29}.Debug|Any CPU.Build.0 = Debug|x64
		{6B0984E9-9048-4786-9A77-A3ECBB234B29}.Debug|Mixed Platforms.ActiveCfg = Release|Any CPU
		{6B0984E9-9048-4786-9A77-A3ECBB234B29}.Debug|Mixed Platforms.Build.0 = Release|Any CPU
		{6B0984E9-9048-4786-9A77-A3ECBB234B29}.Debug|x64.ActiveCfg = Debug|x64
		{6B0984E9-9048-4786-9A77-A3ECBB234B29}.Debug|x64.Build.0 = Debug|x64
		{6B0984E9-9048-4786-9A77-A3ECBB234B29}.Release|Any CPU.ActiveCfg = Release|x64
		{6B0984E9-9048-4786-9A77-A3ECBB234B29}.Release|Any CPU.Build.0 = Release|x64
		{6B0984E9-9048-4786-9A77-A3ECBB234B29}.Release|Mixed Platforms.ActiveCfg = Release|Any CPU
		{6B0984E9-9048-4786-9A77-A3ECBB234B29}.Release|Mixed Platforms.Build.0 = Release|Any CPU
		{6B0984E9-9048-4786-9A77-A3ECBB234B29}.Release|x64.ActiveCfg = Release|Any CPU
		{6B0984E9-9048-4786-9A77-A3ECBB234B29}.Release|x64.Build.0 = Release|Any CPU
	EndGlobalSection
	GlobalSection(SolutionProperties) = preSolution
		HideSolutionNode = FALSE
	EndGlobalSection
	GlobalSection(ExtensibilityGlobals) = postSolution
		SolutionGuid = {8B2334CE-2668-479B-8921-7D7459F624D3}
	EndGlobalSection
EndGlobal
